
Microsoft Visual Studio Solution File, Format Version 12.00
# Visual Studio Version 17
VisualStudioVersion = 17.6.33723.286
MinimumVisualStudioVersion = 10.0.40219.1
Project("{9A19103F-16F7-4668-BE54-9A1E7A4F7556}") = "WebAPI", "WebAPI\WebAPI.csproj", "{AFB0414A-AD21-4C13-B5EF-BD7CB7176238}"
	ProjectSection(ProjectDependencies) = postProject
		{3EE19D90-0F27-43C8-8AD2-620A7DABB5DC} = {3EE19D90-0F27-43C8-8AD2-620A7DABB5DC}
		{A4AC690F-0090-4C6C-BA0F-5150F662C2F5} = {A4AC690F-0090-4C6C-BA0F-5150F662C2F5}
	EndProjectSection
EndProject
Project("{9A19103F-16F7-4668-BE54-9A1E7A4F7556}") = "Domain", "Domain\Domain.csproj", "{3EE19D90-0F27-43C8-8AD2-620A7DABB5DC}"
EndProject
Project("{9A19103F-16F7-4668-BE54-9A1E7A4F7556}") = "DataAccess", "DataAccess\DataAccess.csproj", "{C1865597-5B77-4395-831D-5CBD5D233573}"
EndProject
Project("{9A19103F-16F7-4668-BE54-9A1E7A4F7556}") = "Application", "Application\Application.csproj", "{A4AC690F-0090-4C6C-BA0F-5150F662C2F5}"
EndProject
Project("{2150E333-8FDC-42A3-9474-1A3956D46DE8}") = "Protos", "Protos", "{CF36EBAB-DD6F-432E-99B5-FD5B4CF1835D}"
	ProjectSection(SolutionItems) = preProject
		Protos\category_service.proto = Protos\category_service.proto
	EndProjectSection
EndProject
Project("{2150E333-8FDC-42A3-9474-1A3956D46DE8}") = "models", "models", "{562F9AC2-D750-4D77-B3A4-D69CFBBC74EE}"
	ProjectSection(SolutionItems) = preProject
		Protos\models\category_model.proto = Protos\models\category_model.proto
	EndProjectSection
EndProject
Global
	GlobalSection(SolutionConfigurationPlatforms) = preSolution
		Debug|Any CPU = Debug|Any CPU
		Release|Any CPU = Release|Any CPU
	EndGlobalSection
	GlobalSection(ProjectConfigurationPlatforms) = postSolution
		{AFB0414A-AD21-4C13-B5EF-BD7CB7176238}.Debug|Any CPU.ActiveCfg = Debug|Any CPU
		{AFB0414A-AD21-4C13-B5EF-BD7CB7176238}.Debug|Any CPU.Build.0 = Debug|Any CPU
		{AFB0414A-AD21-4C13-B5EF-BD7CB7176238}.Release|Any CPU.ActiveCfg = Release|Any CPU
		{AFB0414A-AD21-4C13-B5EF-BD7CB7176238}.Release|Any CPU.Build.0 = Release|Any CPU
		{3EE19D90-0F27-43C8-8AD2-620A7DABB5DC}.Debug|Any CPU.ActiveCfg = Debug|Any CPU
		{3EE19D90-0F27-43C8-8AD2-620A7DABB5DC}.Debug|Any CPU.Build.0 = Debug|Any CPU
		{3EE19D90-0F27-43C8-8AD2-620A7DABB5DC}.Release|Any CPU.ActiveCfg = Release|Any CPU
		{3EE19D90-0F27-43C8-8AD2-620A7DABB5DC}.Release|Any CPU.Build.0 = Release|Any CPU
		{C1865597-5B77-4395-831D-5CBD5D233573}.Debug|Any CPU.ActiveCfg = Debug|Any CPU
		{C1865597-5B77-4395-831D-5CBD5D233573}.Debug|Any CPU.Build.0 = Debug|Any CPU
		{C1865597-5B77-4395-831D-5CBD5D233573}.Release|Any CPU.ActiveCfg = Release|Any CPU
		{C1865597-5B77-4395-831D-5CBD5D233573}.Release|Any CPU.Build.0 = Release|Any CPU
		{A4AC690F-0090-4C6C-BA0F-5150F662C2F5}.Debug|Any CPU.ActiveCfg = Debug|Any CPU
		{A4AC690F-0090-4C6C-BA0F-5150F662C2F5}.Debug|Any CPU.Build.0 = Debug|Any CPU
		{A4AC690F-0090-4C6C-BA0F-5150F662C2F5}.Release|Any CPU.ActiveCfg = Release|Any CPU
		{A4AC690F-0090-4C6C-BA0F-5150F662C2F5}.Release|Any CPU.Build.0 = Release|Any CPU
	EndGlobalSection
	GlobalSection(SolutionProperties) = preSolution
		HideSolutionNode = FALSE
	EndGlobalSection
	GlobalSection(NestedProjects) = preSolution
		{562F9AC2-D750-4D77-B3A4-D69CFBBC74EE} = {CF36EBAB-DD6F-432E-99B5-FD5B4CF1835D}
	EndGlobalSection
	GlobalSection(ExtensibilityGlobals) = postSolution
		SolutionGuid = {ED8DCFB0-1A6D-486C-B4A8-4A1DC96EC79C}
	EndGlobalSection
EndGlobal
